// !$*UTF8*$!
{
	archiveVersion = 1;
	classes = {
	};
	objectVersion = 51;
	objects = {

/* Begin PBXBuildFile section */
		2987900D26F49549003A4A9F /* HomeViewModel.swift in Sources */ = {isa = PBXBuildFile; fileRef = 2987900C26F49549003A4A9F /* HomeViewModel.swift */; };
		29B3DC7326F31EB800243D88 /* AppDelegate.swift in Sources */ = {isa = PBXBuildFile; fileRef = 29B3DC7226F31EB800243D88 /* AppDelegate.swift */; };
		29B3DC7526F31EB800243D88 /* SceneDelegate.swift in Sources */ = {isa = PBXBuildFile; fileRef = 29B3DC7426F31EB800243D88 /* SceneDelegate.swift */; };
		29B3DC7726F31EB800243D88 /* HomeViewController.swift in Sources */ = {isa = PBXBuildFile; fileRef = 29B3DC7626F31EB800243D88 /* HomeViewController.swift */; };
		29B3DC7A26F31EB800243D88 /* Main.storyboard in Resources */ = {isa = PBXBuildFile; fileRef = 29B3DC7826F31EB800243D88 /* Main.storyboard */; };
		29B3DC7C26F31EBC00243D88 /* Assets.xcassets in Resources */ = {isa = PBXBuildFile; fileRef = 29B3DC7B26F31EBC00243D88 /* Assets.xcassets */; };
		29B3DC7F26F31EBC00243D88 /* LaunchScreen.storyboard in Resources */ = {isa = PBXBuildFile; fileRef = 29B3DC7D26F31EBC00243D88 /* LaunchScreen.storyboard */; };
		29B3DC8A26F31EBD00243D88 /* MyAppDemoTests.swift in Sources */ = {isa = PBXBuildFile; fileRef = 29B3DC8926F31EBD00243D88 /* MyAppDemoTests.swift */; };
		29B3DC9526F31EBD00243D88 /* MyAppDemoUITests.swift in Sources */ = {isa = PBXBuildFile; fileRef = 29B3DC9426F31EBD00243D88 /* MyAppDemoUITests.swift */; };
		29ECC6E126FC7BDE00953B5F /* AddScheduleViewController.swift in Sources */ = {isa = PBXBuildFile; fileRef = 29ECC6E026FC7BDE00953B5F /* AddScheduleViewController.swift */; };
		29F096B426FCA75E0069E6D5 /* CustomNavBar.swift in Sources */ = {isa = PBXBuildFile; fileRef = 29F096B326FCA75E0069E6D5 /* CustomNavBar.swift */; };
		4A30E8903AE6F6649FD9161D /* Pods_MyAppDemoUITests.framework in Frameworks */ = {isa = PBXBuildFile; fileRef = E564181637D1BE1736B1C1AD /* Pods_MyAppDemoUITests.framework */; };
		4C8FB1B11F090C8BCE88D31C /* Pods_MyAppDemo.framework in Frameworks */ = {isa = PBXBuildFile; fileRef = 1932E16043A38E65AC8B7F0A /* Pods_MyAppDemo.framework */; };
		A17BDC2DDFAB935992CC7948 /* Pods_MyAppDemoTests.framework in Frameworks */ = {isa = PBXBuildFile; fileRef = EFD998FC1F9BE819EABD03B6 /* Pods_MyAppDemoTests.framework */; };
/* End PBXBuildFile section */

/* Begin PBXContainerItemProxy section */
		29B3DC8626F31EBD00243D88 /* PBXContainerItemProxy */ = {
			isa = PBXContainerItemProxy;
			containerPortal = 29B3DC6726F31EB800243D88 /* Project object */;
			proxyType = 1;
			remoteGlobalIDString = 29B3DC6E26F31EB800243D88;
			remoteInfo = MyAppDemo;
		};
		29B3DC9126F31EBD00243D88 /* PBXContainerItemProxy */ = {
			isa = PBXContainerItemProxy;
			containerPortal = 29B3DC6726F31EB800243D88 /* Project object */;
			proxyType = 1;
			remoteGlobalIDString = 29B3DC6E26F31EB800243D88;
			remoteInfo = MyAppDemo;
		};
/* End PBXContainerItemProxy section */

/* Begin PBXFileReference section */
		0F9E95C6B7C9771373A1A4C6 /* Pods-MyAppDemoUITests.release.xcconfig */ = {isa = PBXFileReference; includeInIndex = 1; lastKnownFileType = text.xcconfig; name = "Pods-MyAppDemoUITests.release.xcconfig"; path = "Target Support Files/Pods-MyAppDemoUITests/Pods-MyAppDemoUITests.release.xcconfig"; sourceTree = "<group>"; };
		1932E16043A38E65AC8B7F0A /* Pods_MyAppDemo.framework */ = {isa = PBXFileReference; explicitFileType = wrapper.framework; includeInIndex = 0; path = Pods_MyAppDemo.framework; sourceTree = BUILT_PRODUCTS_DIR; };
		2987900C26F49549003A4A9F /* HomeViewModel.swift */ = {isa = PBXFileReference; lastKnownFileType = sourcecode.swift; path = HomeViewModel.swift; sourceTree = "<group>"; };
		29B3DC6F26F31EB800243D88 /* MyAppDemo.app */ = {isa = PBXFileReference; explicitFileType = wrapper.application; includeInIndex = 0; path = MyAppDemo.app; sourceTree = BUILT_PRODUCTS_DIR; };
		29B3DC7226F31EB800243D88 /* AppDelegate.swift */ = {isa = PBXFileReference; lastKnownFileType = sourcecode.swift; path = AppDelegate.swift; sourceTree = "<group>"; };
		29B3DC7426F31EB800243D88 /* SceneDelegate.swift */ = {isa = PBXFileReference; lastKnownFileType = sourcecode.swift; path = SceneDelegate.swift; sourceTree = "<group>"; };
		29B3DC7626F31EB800243D88 /* HomeViewController.swift */ = {isa = PBXFileReference; lastKnownFileType = sourcecode.swift; path = HomeViewController.swift; sourceTree = "<group>"; };
		29B3DC7926F31EB800243D88 /* Base */ = {isa = PBXFileReference; lastKnownFileType = file.storyboard; name = Base; path = Base.lproj/Main.storyboard; sourceTree = "<group>"; };
		29B3DC7B26F31EBC00243D88 /* Assets.xcassets */ = {isa = PBXFileReference; lastKnownFileType = folder.assetcatalog; path = Assets.xcassets; sourceTree = "<group>"; };
		29B3DC7E26F31EBC00243D88 /* Base */ = {isa = PBXFileReference; lastKnownFileType = file.storyboard; name = Base; path = Base.lproj/LaunchScreen.storyboard; sourceTree = "<group>"; };
		29B3DC8026F31EBC00243D88 /* Info.plist */ = {isa = PBXFileReference; lastKnownFileType = text.plist.xml; path = Info.plist; sourceTree = "<group>"; };
		29B3DC8526F31EBD00243D88 /* MyAppDemoTests.xctest */ = {isa = PBXFileReference; explicitFileType = wrapper.cfbundle; includeInIndex = 0; path = MyAppDemoTests.xctest; sourceTree = BUILT_PRODUCTS_DIR; };
		29B3DC8926F31EBD00243D88 /* MyAppDemoTests.swift */ = {isa = PBXFileReference; lastKnownFileType = sourcecode.swift; path = MyAppDemoTests.swift; sourceTree = "<group>"; };
		29B3DC8B26F31EBD00243D88 /* Info.plist */ = {isa = PBXFileReference; lastKnownFileType = text.plist.xml; path = Info.plist; sourceTree = "<group>"; };
		29B3DC9026F31EBD00243D88 /* MyAppDemoUITests.xctest */ = {isa = PBXFileReference; explicitFileType = wrapper.cfbundle; includeInIndex = 0; path = MyAppDemoUITests.xctest; sourceTree = BUILT_PRODUCTS_DIR; };
		29B3DC9426F31EBD00243D88 /* MyAppDemoUITests.swift */ = {isa = PBXFileReference; lastKnownFileType = sourcecode.swift; path = MyAppDemoUITests.swift; sourceTree = "<group>"; };
		29B3DC9626F31EBD00243D88 /* Info.plist */ = {isa = PBXFileReference; lastKnownFileType = text.plist.xml; path = Info.plist; sourceTree = "<group>"; };
		29ECC6E026FC7BDE00953B5F /* AddScheduleViewController.swift */ = {isa = PBXFileReference; lastKnownFileType = sourcecode.swift; path = AddScheduleViewController.swift; sourceTree = "<group>"; };
		29F096B326FCA75E0069E6D5 /* CustomNavBar.swift */ = {isa = PBXFileReference; lastKnownFileType = sourcecode.swift; path = CustomNavBar.swift; sourceTree = "<group>"; };
		634A56843D6194B984D01DF6 /* Pods-MyAppDemoTests.debug.xcconfig */ = {isa = PBXFileReference; includeInIndex = 1; lastKnownFileType = text.xcconfig; name = "Pods-MyAppDemoTests.debug.xcconfig"; path = "Target Support Files/Pods-MyAppDemoTests/Pods-MyAppDemoTests.debug.xcconfig"; sourceTree = "<group>"; };
		678D7A15EE94B9DD1A65CD70 /* Pods-MyAppDemoTests.release.xcconfig */ = {isa = PBXFileReference; includeInIndex = 1; lastKnownFileType = text.xcconfig; name = "Pods-MyAppDemoTests.release.xcconfig"; path = "Target Support Files/Pods-MyAppDemoTests/Pods-MyAppDemoTests.release.xcconfig"; sourceTree = "<group>"; };
		7B4438955445AE540AFB0B3A /* Pods-MyAppDemo-MyAppDemoUITests.debug.xcconfig */ = {isa = PBXFileReference; includeInIndex = 1; lastKnownFileType = text.xcconfig; name = "Pods-MyAppDemo-MyAppDemoUITests.debug.xcconfig"; path = "Target Support Files/Pods-MyAppDemo-MyAppDemoUITests/Pods-MyAppDemo-MyAppDemoUITests.debug.xcconfig"; sourceTree = "<group>"; };
		7F941BCBB245036E57C201F5 /* Pods-MyAppDemo.debug.xcconfig */ = {isa = PBXFileReference; includeInIndex = 1; lastKnownFileType = text.xcconfig; name = "Pods-MyAppDemo.debug.xcconfig"; path = "Target Support Files/Pods-MyAppDemo/Pods-MyAppDemo.debug.xcconfig"; sourceTree = "<group>"; };
		9493A4BEE51776CF17664694 /* Pods-MyAppDemoUITests.debug.xcconfig */ = {isa = PBXFileReference; includeInIndex = 1; lastKnownFileType = text.xcconfig; name = "Pods-MyAppDemoUITests.debug.xcconfig"; path = "Target Support Files/Pods-MyAppDemoUITests/Pods-MyAppDemoUITests.debug.xcconfig"; sourceTree = "<group>"; };
		DD328BF82FB84EEA679939A9 /* Pods-MyAppDemo-MyAppDemoUITests.release.xcconfig */ = {isa = PBXFileReference; includeInIndex = 1; lastKnownFileType = text.xcconfig; name = "Pods-MyAppDemo-MyAppDemoUITests.release.xcconfig"; path = "Target Support Files/Pods-MyAppDemo-MyAppDemoUITests/Pods-MyAppDemo-MyAppDemoUITests.release.xcconfig"; sourceTree = "<group>"; };
		E564181637D1BE1736B1C1AD /* Pods_MyAppDemoUITests.framework */ = {isa = PBXFileReference; explicitFileType = wrapper.framework; includeInIndex = 0; path = Pods_MyAppDemoUITests.framework; sourceTree = BUILT_PRODUCTS_DIR; };
		EFD998FC1F9BE819EABD03B6 /* Pods_MyAppDemoTests.framework */ = {isa = PBXFileReference; explicitFileType = wrapper.framework; includeInIndex = 0; path = Pods_MyAppDemoTests.framework; sourceTree = BUILT_PRODUCTS_DIR; };
		FDA200D4D596E5187BFD3E59 /* Pods-MyAppDemo.release.xcconfig */ = {isa = PBXFileReference; includeInIndex = 1; lastKnownFileType = text.xcconfig; name = "Pods-MyAppDemo.release.xcconfig"; path = "Target Support Files/Pods-MyAppDemo/Pods-MyAppDemo.release.xcconfig"; sourceTree = "<group>"; };
/* End PBXFileReference section */

/* Begin PBXFrameworksBuildPhase section */
		29B3DC6C26F31EB800243D88 /* Frameworks */ = {
			isa = PBXFrameworksBuildPhase;
			buildActionMask = 2147483647;
			files = (
				4C8FB1B11F090C8BCE88D31C /* Pods_MyAppDemo.framework in Frameworks */,
			);
			runOnlyForDeploymentPostprocessing = 0;
		};
		29B3DC8226F31EBD00243D88 /* Frameworks */ = {
			isa = PBXFrameworksBuildPhase;
			buildActionMask = 2147483647;
			files = (
				A17BDC2DDFAB935992CC7948 /* Pods_MyAppDemoTests.framework in Frameworks */,
			);
			runOnlyForDeploymentPostprocessing = 0;
		};
		29B3DC8D26F31EBD00243D88 /* Frameworks */ = {
			isa = PBXFrameworksBuildPhase;
			buildActionMask = 2147483647;
			files = (
				4A30E8903AE6F6649FD9161D /* Pods_MyAppDemoUITests.framework in Frameworks */,
			);
			runOnlyForDeploymentPostprocessing = 0;
		};
/* End PBXFrameworksBuildPhase section */

/* Begin PBXGroup section */
		2987900426F49433003A4A9F /* Common */ = {
			isa = PBXGroup;
			children = (
				29B3DC7426F31EB800243D88 /* SceneDelegate.swift */,
				29B3DC7226F31EB800243D88 /* AppDelegate.swift */,
			);
			path = Common;
			sourceTree = "<group>";
		};
		2987900526F494A1003A4A9F /* View */ = {
			isa = PBXGroup;
			children = (
			);
			path = View;
			sourceTree = "<group>";
		};
		2987900626F494CC003A4A9F /* ViewModel */ = {
			isa = PBXGroup;
			children = (
				2987900C26F49549003A4A9F /* HomeViewModel.swift */,
			);
			path = ViewModel;
			sourceTree = "<group>";
		};
		2987900826F494E5003A4A9F /* Model */ = {
			isa = PBXGroup;
			children = (
			);
			path = Model;
			sourceTree = "<group>";
		};
		29B3DC6626F31EB800243D88 = {
			isa = PBXGroup;
			children = (
				29B3DC7126F31EB800243D88 /* MyAppDemo */,
				29B3DC8826F31EBD00243D88 /* MyAppDemoTests */,
				29B3DC9326F31EBD00243D88 /* MyAppDemoUITests */,
				29B3DC7026F31EB800243D88 /* Products */,
				7A3F9BE3495FCBA58900A323 /* Pods */,
				36E0C5591B24890DE175E26F /* Frameworks */,
			);
			sourceTree = "<group>";
		};
		29B3DC7026F31EB800243D88 /* Products */ = {
			isa = PBXGroup;
			children = (
				29B3DC6F26F31EB800243D88 /* MyAppDemo.app */,
				29B3DC8526F31EBD00243D88 /* MyAppDemoTests.xctest */,
				29B3DC9026F31EBD00243D88 /* MyAppDemoUITests.xctest */,
			);
			name = Products;
			sourceTree = "<group>";
		};
		29B3DC7126F31EB800243D88 /* MyAppDemo */ = {
			isa = PBXGroup;
			children = (
				2987900426F49433003A4A9F /* Common */,
				2987900826F494E5003A4A9F /* Model */,
				2987900626F494CC003A4A9F /* ViewModel */,
				2987900526F494A1003A4A9F /* View */,
				29B3DCCC26F463E700243D88 /* Controller */,
				29B3DC7826F31EB800243D88 /* Main.storyboard */,
				29B3DC7B26F31EBC00243D88 /* Assets.xcassets */,
				29B3DC7D26F31EBC00243D88 /* LaunchScreen.storyboard */,
				29B3DC8026F31EBC00243D88 /* Info.plist */,
			);
			path = MyAppDemo;
			sourceTree = "<group>";
		};
		29B3DC8826F31EBD00243D88 /* MyAppDemoTests */ = {
			isa = PBXGroup;
			children = (
				29B3DC8926F31EBD00243D88 /* MyAppDemoTests.swift */,
				29B3DC8B26F31EBD00243D88 /* Info.plist */,
			);
			path = MyAppDemoTests;
			sourceTree = "<group>";
		};
		29B3DC9326F31EBD00243D88 /* MyAppDemoUITests */ = {
			isa = PBXGroup;
			children = (
				29B3DC9426F31EBD00243D88 /* MyAppDemoUITests.swift */,
				29B3DC9626F31EBD00243D88 /* Info.plist */,
			);
			path = MyAppDemoUITests;
			sourceTree = "<group>";
		};
		29B3DCCC26F463E700243D88 /* Controller */ = {
			isa = PBXGroup;
			children = (
				29B3DC7626F31EB800243D88 /* HomeViewController.swift */,
				29ECC6E026FC7BDE00953B5F /* AddScheduleViewController.swift */,
				29F096B326FCA75E0069E6D5 /* CustomNavBar.swift */,
			);
			path = Controller;
			sourceTree = "<group>";
		};
		36E0C5591B24890DE175E26F /* Frameworks */ = {
			isa = PBXGroup;
			children = (
				1932E16043A38E65AC8B7F0A /* Pods_MyAppDemo.framework */,
				EFD998FC1F9BE819EABD03B6 /* Pods_MyAppDemoTests.framework */,
				E564181637D1BE1736B1C1AD /* Pods_MyAppDemoUITests.framework */,
			);
			name = Frameworks;
			sourceTree = "<group>";
		};
		7A3F9BE3495FCBA58900A323 /* Pods */ = {
			isa = PBXGroup;
			children = (
				7F941BCBB245036E57C201F5 /* Pods-MyAppDemo.debug.xcconfig */,
				FDA200D4D596E5187BFD3E59 /* Pods-MyAppDemo.release.xcconfig */,
				7B4438955445AE540AFB0B3A /* Pods-MyAppDemo-MyAppDemoUITests.debug.xcconfig */,
				DD328BF82FB84EEA679939A9 /* Pods-MyAppDemo-MyAppDemoUITests.release.xcconfig */,
				634A56843D6194B984D01DF6 /* Pods-MyAppDemoTests.debug.xcconfig */,
				678D7A15EE94B9DD1A65CD70 /* Pods-MyAppDemoTests.release.xcconfig */,
				9493A4BEE51776CF17664694 /* Pods-MyAppDemoUITests.debug.xcconfig */,
				0F9E95C6B7C9771373A1A4C6 /* Pods-MyAppDemoUITests.release.xcconfig */,
			);
			path = Pods;
			sourceTree = "<group>";
		};
/* End PBXGroup section */

/* Begin PBXNativeTarget section */
		29B3DC6E26F31EB800243D88 /* MyAppDemo */ = {
			isa = PBXNativeTarget;
			buildConfigurationList = 29B3DC9926F31EBD00243D88 /* Build configuration list for PBXNativeTarget "MyAppDemo" */;
			buildPhases = (
				11D113E80D5AA6CE0E539801 /* [CP] Check Pods Manifest.lock */,
				29B3DC6B26F31EB800243D88 /* Sources */,
				29B3DC6C26F31EB800243D88 /* Frameworks */,
				29B3DC6D26F31EB800243D88 /* Resources */,
				D350205917B98D09C927EF54 /* [CP] Embed Pods Frameworks */,
			);
			buildRules = (
			);
			dependencies = (
			);
			name = MyAppDemo;
			productName = MyAppDemo;
			productReference = 29B3DC6F26F31EB800243D88 /* MyAppDemo.app */;
			productType = "com.apple.product-type.application";
		};
		29B3DC8426F31EBD00243D88 /* MyAppDemoTests */ = {
			isa = PBXNativeTarget;
			buildConfigurationList = 29B3DC9C26F31EBD00243D88 /* Build configuration list for PBXNativeTarget "MyAppDemoTests" */;
			buildPhases = (
				BA5F3F027B5C62AD6A33895D /* [CP] Check Pods Manifest.lock */,
				29B3DC8126F31EBD00243D88 /* Sources */,
				29B3DC8226F31EBD00243D88 /* Frameworks */,
				29B3DC8326F31EBD00243D88 /* Resources */,
			);
			buildRules = (
			);
			dependencies = (
				29B3DC8726F31EBD00243D88 /* PBXTargetDependency */,
			);
			name = MyAppDemoTests;
			productName = MyAppDemoTests;
			productReference = 29B3DC8526F31EBD00243D88 /* MyAppDemoTests.xctest */;
			productType = "com.apple.product-type.bundle.unit-test";
		};
		29B3DC8F26F31EBD00243D88 /* MyAppDemoUITests */ = {
			isa = PBXNativeTarget;
			buildConfigurationList = 29B3DC9F26F31EBD00243D88 /* Build configuration list for PBXNativeTarget "MyAppDemoUITests" */;
			buildPhases = (
				89EFE9482F5F01BC46780D6E /* [CP] Check Pods Manifest.lock */,
				29B3DC8C26F31EBD00243D88 /* Sources */,
				29B3DC8D26F31EBD00243D88 /* Frameworks */,
				29B3DC8E26F31EBD00243D88 /* Resources */,
			);
			buildRules = (
			);
			dependencies = (
				29B3DC9226F31EBD00243D88 /* PBXTargetDependency */,
			);
			name = MyAppDemoUITests;
			productName = MyAppDemoUITests;
			productReference = 29B3DC9026F31EBD00243D88 /* MyAppDemoUITests.xctest */;
			productType = "com.apple.product-type.bundle.ui-testing";
		};
/* End PBXNativeTarget section */

/* Begin PBXProject section */
		29B3DC6726F31EB800243D88 /* Project object */ = {
			isa = PBXProject;
			attributes = {
				LastSwiftUpdateCheck = 1240;
				LastUpgradeCheck = 1240;
				TargetAttributes = {
					29B3DC6E26F31EB800243D88 = {
						CreatedOnToolsVersion = 12.4;
					};
					29B3DC8426F31EBD00243D88 = {
						CreatedOnToolsVersion = 12.4;
						TestTargetID = 29B3DC6E26F31EB800243D88;
					};
					29B3DC8F26F31EBD00243D88 = {
						CreatedOnToolsVersion = 12.4;
						TestTargetID = 29B3DC6E26F31EB800243D88;
					};
				};
			};
			buildConfigurationList = 29B3DC6A26F31EB800243D88 /* Build configuration list for PBXProject "MyAppDemo" */;
			compatibilityVersion = "Xcode 9.3";
			developmentRegion = en;
			hasScannedForEncodings = 0;
			knownRegions = (
				en,
				Base,
			);
			mainGroup = 29B3DC6626F31EB800243D88;
			productRefGroup = 29B3DC7026F31EB800243D88 /* Products */;
			projectDirPath = "";
			projectRoot = "";
			targets = (
				29B3DC6E26F31EB800243D88 /* MyAppDemo */,
				29B3DC8426F31EBD00243D88 /* MyAppDemoTests */,
				29B3DC8F26F31EBD00243D88 /* MyAppDemoUITests */,
			);
		};
/* End PBXProject section */

/* Begin PBXResourcesBuildPhase section */
		29B3DC6D26F31EB800243D88 /* Resources */ = {
			isa = PBXResourcesBuildPhase;
			buildActionMask = 2147483647;
			files = (
				29B3DC7F26F31EBC00243D88 /* LaunchScreen.storyboard in Resources */,
				29B3DC7C26F31EBC00243D88 /* Assets.xcassets in Resources */,
				29B3DC7A26F31EB800243D88 /* Main.storyboard in Resources */,
			);
			runOnlyForDeploymentPostprocessing = 0;
		};
		29B3DC8326F31EBD00243D88 /* Resources */ = {
			isa = PBXResourcesBuildPhase;
			buildActionMask = 2147483647;
			files = (
			);
			runOnlyForDeploymentPostprocessing = 0;
		};
		29B3DC8E26F31EBD00243D88 /* Resources */ = {
			isa = PBXResourcesBuildPhase;
			buildActionMask = 2147483647;
			files = (
			);
			runOnlyForDeploymentPostprocessing = 0;
		};
/* End PBXResourcesBuildPhase section */

/* Begin PBXShellScriptBuildPhase section */
		11D113E80D5AA6CE0E539801 /* [CP] Check Pods Manifest.lock */ = {
			isa = PBXShellScriptBuildPhase;
			buildActionMask = 2147483647;
			files = (
			);
			inputFileListPaths = (
			);
			inputPaths = (
				"${PODS_PODFILE_DIR_PATH}/Podfile.lock",
				"${PODS_ROOT}/Manifest.lock",
			);
			name = "[CP] Check Pods Manifest.lock";
			outputFileListPaths = (
			);
			outputPaths = (
				"$(DERIVED_FILE_DIR)/Pods-MyAppDemo-checkManifestLockResult.txt",
			);
			runOnlyForDeploymentPostprocessing = 0;
			shellPath = /bin/sh;
			shellScript = "diff \"${PODS_PODFILE_DIR_PATH}/Podfile.lock\" \"${PODS_ROOT}/Manifest.lock\" > /dev/null\nif [ $? != 0 ] ; then\n    # print error to STDERR\n    echo \"error: The sandbox is not in sync with the Podfile.lock. Run 'pod install' or update your CocoaPods installation.\" >&2\n    exit 1\nfi\n# This output is used by Xcode 'outputs' to avoid re-running this script phase.\necho \"SUCCESS\" > \"${SCRIPT_OUTPUT_FILE_0}\"\n";
			showEnvVarsInLog = 0;
		};
		89EFE9482F5F01BC46780D6E /* [CP] Check Pods Manifest.lock */ = {
			isa = PBXShellScriptBuildPhase;
			buildActionMask = 2147483647;
			files = (
			);
			inputFileListPaths = (
			);
			inputPaths = (
				"${PODS_PODFILE_DIR_PATH}/Podfile.lock",
				"${PODS_ROOT}/Manifest.lock",
			);
			name = "[CP] Check Pods Manifest.lock";
			outputFileListPaths = (
			);
			outputPaths = (
				"$(DERIVED_FILE_DIR)/Pods-MyAppDemoUITests-checkManifestLockResult.txt",
			);
			runOnlyForDeploymentPostprocessing = 0;
			shellPath = /bin/sh;
			shellScript = "diff \"${PODS_PODFILE_DIR_PATH}/Podfile.lock\" \"${PODS_ROOT}/Manifest.lock\" > /dev/null\nif [ $? != 0 ] ; then\n    # print error to STDERR\n    echo \"error: The sandbox is not in sync with the Podfile.lock. Run 'pod install' or update your CocoaPods installation.\" >&2\n    exit 1\nfi\n# This output is used by Xcode 'outputs' to avoid re-running this script phase.\necho \"SUCCESS\" > \"${SCRIPT_OUTPUT_FILE_0}\"\n";
			showEnvVarsInLog = 0;
		};
		BA5F3F027B5C62AD6A33895D /* [CP] Check Pods Manifest.lock */ = {
			isa = PBXShellScriptBuildPhase;
			buildActionMask = 2147483647;
			files = (
			);
			inputFileListPaths = (
			);
			inputPaths = (
				"${PODS_PODFILE_DIR_PATH}/Podfile.lock",
				"${PODS_ROOT}/Manifest.lock",
			);
			name = "[CP] Check Pods Manifest.lock";
			outputFileListPaths = (
			);
			outputPaths = (
				"$(DERIVED_FILE_DIR)/Pods-MyAppDemoTests-checkManifestLockResult.txt",
			);
			runOnlyForDeploymentPostprocessing = 0;
			shellPath = /bin/sh;
			shellScript = "diff \"${PODS_PODFILE_DIR_PATH}/Podfile.lock\" \"${PODS_ROOT}/Manifest.lock\" > /dev/null\nif [ $? != 0 ] ; then\n    # print error to STDERR\n    echo \"error: The sandbox is not in sync with the Podfile.lock. Run 'pod install' or update your CocoaPods installation.\" >&2\n    exit 1\nfi\n# This output is used by Xcode 'outputs' to avoid re-running this script phase.\necho \"SUCCESS\" > \"${SCRIPT_OUTPUT_FILE_0}\"\n";
			showEnvVarsInLog = 0;
		};
		D350205917B98D09C927EF54 /* [CP] Embed Pods Frameworks */ = {
			isa = PBXShellScriptBuildPhase;
			buildActionMask = 2147483647;
			files = (
			);
			inputFileListPaths = (
				"${PODS_ROOT}/Target Support Files/Pods-MyAppDemo/Pods-MyAppDemo-frameworks-${CONFIGURATION}-input-files.xcfilelist",
			);
			name = "[CP] Embed Pods Frameworks";
			outputFileListPaths = (
				"${PODS_ROOT}/Target Support Files/Pods-MyAppDemo/Pods-MyAppDemo-frameworks-${CONFIGURATION}-output-files.xcfilelist",
			);
			runOnlyForDeploymentPostprocessing = 0;
			shellPath = /bin/sh;
			shellScript = "\"${PODS_ROOT}/Target Support Files/Pods-MyAppDemo/Pods-MyAppDemo-frameworks.sh\"\n";
			showEnvVarsInLog = 0;
		};
/* End PBXShellScriptBuildPhase section */

/* Begin PBXSourcesBuildPhase section */
		29B3DC6B26F31EB800243D88 /* Sources */ = {
			isa = PBXSourcesBuildPhase;
			buildActionMask = 2147483647;
			files = (
				29F096B426FCA75E0069E6D5 /* CustomNavBar.swift in Sources */,
				29B3DC7726F31EB800243D88 /* HomeViewController.swift in Sources */,
				29B3DC7326F31EB800243D88 /* AppDelegate.swift in Sources */,
				29ECC6E126FC7BDE00953B5F /* AddScheduleViewController.swift in Sources */,
				29B3DC7526F31EB800243D88 /* SceneDelegate.swift in Sources */,
				2987900D26F49549003A4A9F /* HomeViewModel.swift in Sources */,
			);
			runOnlyForDeploymentPostprocessing = 0;
		};
		29B3DC8126F31EBD00243D88 /* Sources */ = {
			isa = PBXSourcesBuildPhase;
			buildActionMask = 2147483647;
			files = (
				29B3DC8A26F31EBD00243D88 /* MyAppDemoTests.swift in Sources */,
			);
			runOnlyForDeploymentPostprocessing = 0;
		};
		29B3DC8C26F31EBD00243D88 /* Sources */ = {
			isa = PBXSourcesBuildPhase;
			buildActionMask = 2147483647;
			files = (
				29B3DC9526F31EBD00243D88 /* MyAppDemoUITests.swift in Sources */,
			);
			runOnlyForDeploymentPostprocessing = 0;
		};
/* End PBXSourcesBuildPhase section */

/* Begin PBXTargetDependency section */
		29B3DC8726F31EBD00243D88 /* PBXTargetDependency */ = {
			isa = PBXTargetDependency;
			target = 29B3DC6E26F31EB800243D88 /* MyAppDemo */;
			targetProxy = 29B3DC8626F31EBD00243D88 /* PBXContainerItemProxy */;
		};
		29B3DC9226F31EBD00243D88 /* PBXTargetDependency */ = {
			isa = PBXTargetDependency;
			target = 29B3DC6E26F31EB800243D88 /* MyAppDemo */;
			targetProxy = 29B3DC9126F31EBD00243D88 /* PBXContainerItemProxy */;
		};
/* End PBXTargetDependency section */

/* Begin PBXVariantGroup section */
		29B3DC7826F31EB800243D88 /* Main.storyboard */ = {
			isa = PBXVariantGroup;
			children = (
				29B3DC7926F31EB800243D88 /* Base */,
			);
			name = Main.storyboard;
			sourceTree = "<group>";
		};
		29B3DC7D26F31EBC00243D88 /* LaunchScreen.storyboard */ = {
			isa = PBXVariantGroup;
			children = (
				29B3DC7E26F31EBC00243D88 /* Base */,
			);
			name = LaunchScreen.storyboard;
			sourceTree = "<group>";
		};
/* End PBXVariantGroup section */

/* Begin XCBuildConfiguration section */
		29B3DC9726F31EBD00243D88 /* Debug */ = {
			isa = XCBuildConfiguration;
			buildSettings = {
				ALWAYS_SEARCH_USER_PATHS = NO;
				CLANG_ANALYZER_NONNULL = YES;
				CLANG_ANALYZER_NUMBER_OBJECT_CONVERSION = YES_AGGRESSIVE;
				CLANG_CXX_LANGUAGE_STANDARD = "gnu++14";
				CLANG_CXX_LIBRARY = "libc++";
				CLANG_ENABLE_MODULES = YES;
				CLANG_ENABLE_OBJC_ARC = YES;
				CLANG_ENABLE_OBJC_WEAK = YES;
				CLANG_WARN_BLOCK_CAPTURE_AUTORELEASING = YES;
				CLANG_WARN_BOOL_CONVERSION = YES;
				CLANG_WARN_COMMA = YES;
				CLANG_WARN_CONSTANT_CONVERSION = YES;
				CLANG_WARN_DEPRECATED_OBJC_IMPLEMENTATIONS = YES;
				CLANG_WARN_DIRECT_OBJC_ISA_USAGE = YES_ERROR;
				CLANG_WARN_DOCUMENTATION_COMMENTS = YES;
				CLANG_WARN_EMPTY_BODY = YES;
				CLANG_WARN_ENUM_CONVERSION = YES;
				CLANG_WARN_INFINITE_RECURSION = YES;
				CLANG_WARN_INT_CONVERSION = YES;
				CLANG_WARN_NON_LITERAL_NULL_CONVERSION = YES;
				CLANG_WARN_OBJC_IMPLICIT_RETAIN_SELF = YES;
				CLANG_WARN_OBJC_LITERAL_CONVERSION = YES;
				CLANG_WARN_OBJC_ROOT_CLASS = YES_ERROR;
				CLANG_WARN_QUOTED_INCLUDE_IN_FRAMEWORK_HEADER = YES;
				CLANG_WARN_RANGE_LOOP_ANALYSIS = YES;
				CLANG_WARN_STRICT_PROTOTYPES = YES;
				CLANG_WARN_SUSPICIOUS_MOVE = YES;
				CLANG_WARN_UNGUARDED_AVAILABILITY = YES_AGGRESSIVE;
				CLANG_WARN_UNREACHABLE_CODE = YES;
				CLANG_WARN__DUPLICATE_METHOD_MATCH = YES;
				COPY_PHASE_STRIP = NO;
				DEBUG_INFORMATION_FORMAT = dwarf;
				ENABLE_STRICT_OBJC_MSGSEND = YES;
				ENABLE_TESTABILITY = YES;
				GCC_C_LANGUAGE_STANDARD = gnu11;
				GCC_DYNAMIC_NO_PIC = NO;
				GCC_NO_COMMON_BLOCKS = YES;
				GCC_OPTIMIZATION_LEVEL = 0;
				GCC_PREPROCESSOR_DEFINITIONS = (
					"DEBUG=1",
					"$(inherited)",
				);
				GCC_WARN_64_TO_32_BIT_CONVERSION = YES;
				GCC_WARN_ABOUT_RETURN_TYPE = YES_ERROR;
				GCC_WARN_UNDECLARED_SELECTOR = YES;
				GCC_WARN_UNINITIALIZED_AUTOS = YES_AGGRESSIVE;
				GCC_WARN_UNUSED_FUNCTION = YES;
				GCC_WARN_UNUSED_VARIABLE = YES;
				IPHONEOS_DEPLOYMENT_TARGET = 14.4;
				MTL_ENABLE_DEBUG_INFO = INCLUDE_SOURCE;
				MTL_FAST_MATH = YES;
				ONLY_ACTIVE_ARCH = YES;
				SDKROOT = iphoneos;
				SWIFT_ACTIVE_COMPILATION_CONDITIONS = DEBUG;
				SWIFT_OPTIMIZATION_LEVEL = "-Onone";
			};
			name = Debug;
		};
		29B3DC9826F31EBD00243D88 /* Release */ = {
			isa = XCBuildConfiguration;
			buildSettings = {
				ALWAYS_SEARCH_USER_PATHS = NO;
				CLANG_ANALYZER_NONNULL = YES;
				CLANG_ANALYZER_NUMBER_OBJECT_CONVERSION = YES_AGGRESSIVE;
				CLANG_CXX_LANGUAGE_STANDARD = "gnu++14";
				CLANG_CXX_LIBRARY = "libc++";
				CLANG_ENABLE_MODULES = YES;
				CLANG_ENABLE_OBJC_ARC = YES;
				CLANG_ENABLE_OBJC_WEAK = YES;
				CLANG_WARN_BLOCK_CAPTURE_AUTORELEASING = YES;
				CLANG_WARN_BOOL_CONVERSION = YES;
				CLANG_WARN_COMMA = YES;
				CLANG_WARN_CONSTANT_CONVERSION = YES;
				CLANG_WARN_DEPRECATED_OBJC_IMPLEMENTATIONS = YES;
				CLANG_WARN_DIRECT_OBJC_ISA_USAGE = YES_ERROR;
				CLANG_WARN_DOCUMENTATION_COMMENTS = YES;
				CLANG_WARN_EMPTY_BODY = YES;
				CLANG_WARN_ENUM_CONVERSION = YES;
				CLANG_WARN_INFINITE_RECURSION = YES;
				CLANG_WARN_INT_CONVERSION = YES;
				CLANG_WARN_NON_LITERAL_NULL_CONVERSION = YES;
				CLANG_WARN_OBJC_IMPLICIT_RETAIN_SELF = YES;
				CLANG_WARN_OBJC_LITERAL_CONVERSION = YES;
				CLANG_WARN_OBJC_ROOT_CLASS = YES_ERROR;
				CLANG_WARN_QUOTED_INCLUDE_IN_FRAMEWORK_HEADER = YES;
				CLANG_WARN_RANGE_LOOP_ANALYSIS = YES;
				CLANG_WARN_STRICT_PROTOTYPES = YES;
				CLANG_WARN_SUSPICIOUS_MOVE = YES;
				CLANG_WARN_UNGUARDED_AVAILABILITY = YES_AGGRESSIVE;
				CLANG_WARN_UNREACHABLE_CODE = YES;
				CLANG_WARN__DUPLICATE_METHOD_MATCH = YES;
				COPY_PHASE_STRIP = NO;
				DEBUG_INFORMATION_FORMAT = "dwarf-with-dsym";
				ENABLE_NS_ASSERTIONS = NO;
				ENABLE_STRICT_OBJC_MSGSEND = YES;
				GCC_C_LANGUAGE_STANDARD = gnu11;
				GCC_NO_COMMON_BLOCKS = YES;
				GCC_WARN_64_TO_32_BIT_CONVERSION = YES;
				GCC_WARN_ABOUT_RETURN_TYPE = YES_ERROR;
				GCC_WARN_UNDECLARED_SELECTOR = YES;
				GCC_WARN_UNINITIALIZED_AUTOS = YES_AGGRESSIVE;
				GCC_WARN_UNUSED_FUNCTION = YES;
				GCC_WARN_UNUSED_VARIABLE = YES;
				IPHONEOS_DEPLOYMENT_TARGET = 14.4;
				MTL_ENABLE_DEBUG_INFO = NO;
				MTL_FAST_MATH = YES;
				SDKROOT = iphoneos;
				SWIFT_COMPILATION_MODE = wholemodule;
				SWIFT_OPTIMIZATION_LEVEL = "-O";
				VALIDATE_PRODUCT = YES;
			};
			name = Release;
		};
		29B3DC9A26F31EBD00243D88 /* Debug */ = {
			isa = XCBuildConfiguration;
			baseConfigurationReference = 7F941BCBB245036E57C201F5 /* Pods-MyAppDemo.debug.xcconfig */;
			buildSettings = {
				ASSETCATALOG_COMPILER_APPICON_NAME = AppIcon;
				ASSETCATALOG_COMPILER_GLOBAL_ACCENT_COLOR_NAME = AccentColor;
				CODE_SIGN_IDENTITY = "Apple Development";
				CODE_SIGN_STYLE = Automatic;
				DEVELOPMENT_TEAM = 5RH2S23DJK;
				INFOPLIST_FILE = MyAppDemo/Info.plist;
				IPHONEOS_DEPLOYMENT_TARGET = 10.0;
				LD_RUNPATH_SEARCH_PATHS = (
					"$(inherited)",
					"@executable_path/Frameworks",
				);
				PRODUCT_BUNDLE_IDENTIFIER = talos.MyAppDemo;
				PRODUCT_NAME = "$(TARGET_NAME)";
				PROVISIONING_PROFILE_SPECIFIER = "";
				SWIFT_VERSION = 5.0;
				TARGETED_DEVICE_FAMILY = "1,2";
			};
			name = Debug;
		};
		29B3DC9B26F31EBD00243D88 /* Release */ = {
			isa = XCBuildConfiguration;
			baseConfigurationReference = FDA200D4D596E5187BFD3E59 /* Pods-MyAppDemo.release.xcconfig */;
			buildSettings = {
				ASSETCATALOG_COMPILER_APPICON_NAME = AppIcon;
				ASSETCATALOG_COMPILER_GLOBAL_ACCENT_COLOR_NAME = AccentColor;
				CODE_SIGN_IDENTITY = "Apple Development";
				CODE_SIGN_STYLE = Automatic;
				DEVELOPMENT_TEAM = 5RH2S23DJK;
				INFOPLIST_FILE = MyAppDemo/Info.plist;
				IPHONEOS_DEPLOYMENT_TARGET = 10.0;
				LD_RUNPATH_SEARCH_PATHS = (
					"$(inherited)",
					"@executable_path/Frameworks",
				);
				PRODUCT_BUNDLE_IDENTIFIER = talos.MyAppDemo;
				PRODUCT_NAME = "$(TARGET_NAME)";
				PROVISIONING_PROFILE_SPECIFIER = "";
				SWIFT_VERSION = 5.0;
				TARGETED_DEVICE_FAMILY = "1,2";
			};
			name = Release;
		};
		29B3DC9D26F31EBD00243D88 /* Debug */ = {
			isa = XCBuildConfiguration;
			baseConfigurationReference = 634A56843D6194B984D01DF6 /* Pods-MyAppDemoTests.debug.xcconfig */;
			buildSettings = {
				ALWAYS_EMBED_SWIFT_STANDARD_LIBRARIES = YES;
				BUNDLE_LOADER = "$(TEST_HOST)";
				CODE_SIGN_STYLE = Automatic;
				INFOPLIST_FILE = MyAppDemoTests/Info.plist;
				IPHONEOS_DEPLOYMENT_TARGET = 14.4;
				LD_RUNPATH_SEARCH_PATHS = (
					"$(inherited)",
					"@executable_path/Frameworks",
					"@loader_path/Frameworks",
				);
				PRODUCT_BUNDLE_IDENTIFIER = talos.MyAppDemoTests;
				PRODUCT_NAME = "$(TARGET_NAME)";
				SWIFT_VERSION = 5.0;
				TARGETED_DEVICE_FAMILY = "1,2";
				TEST_HOST = "$(BUILT_PRODUCTS_DIR)/MyAppDemo.app/MyAppDemo";
			};
			name = Debug;
		};
		29B3DC9E26F31EBD00243D88 /* Release */ = {
			isa = XCBuildConfiguration;
			baseConfigurationReference = 678D7A15EE94B9DD1A65CD70 /* Pods-MyAppDemoTests.release.xcconfig */;
			buildSettings = {
				ALWAYS_EMBED_SWIFT_STANDARD_LIBRARIES = YES;
				BUNDLE_LOADER = "$(TEST_HOST)";
				CODE_SIGN_STYLE = Automatic;
				INFOPLIST_FILE = MyAppDemoTests/Info.plist;
				IPHONEOS_DEPLOYMENT_TARGET = 14.4;
				LD_RUNPATH_SEARCH_PATHS = (
					"$(inherited)",
					"@executable_path/Frameworks",
					"@loader_path/Frameworks",
				);
				PRODUCT_BUNDLE_IDENTIFIER = talos.MyAppDemoTests;
				PRODUCT_NAME = "$(TARGET_NAME)";
				SWIFT_VERSION = 5.0;
				TARGETED_DEVICE_FAMILY = "1,2";
				TEST_HOST = "$(BUILT_PRODUCTS_DIR)/MyAppDemo.app/MyAppDemo";
			};
			name = Release;
		};
		29B3DCA026F31EBD00243D88 /* Debug */ = {
			isa = XCBuildConfiguration;
			baseConfigurationReference = 9493A4BEE51776CF17664694 /* Pods-MyAppDemoUITests.debug.xcconfig */;
			buildSettings = {
				ALWAYS_EMBED_SWIFT_STANDARD_LIBRARIES = YES;
				CODE_SIGN_STYLE = Automatic;
				INFOPLIST_FILE = MyAppDemoUITests/Info.plist;
				LD_RUNPATH_SEARCH_PATHS = (
					"$(inherited)",
					"@executable_path/Frameworks",
					"@loader_path/Frameworks",
				);
				PRODUCT_BUNDLE_IDENTIFIER = talos.MyAppDemoUITests;
				PRODUCT_NAME = "$(TARGET_NAME)";
				SWIFT_VERSION = 5.0;
				TARGETED_DEVICE_FAMILY = "1,2";
				TEST_TARGET_NAME = MyAppDemo;
			};
			name = Debug;
		};
		29B3DCA126F31EBD00243D88 /* Release */ = {
			isa = XCBuildConfiguration;
			baseConfigurationReference = 0F9E95C6B7C9771373A1A4C6 /* Pods-MyAppDemoUITests.release.xcconfig */;
			buildSettings = {
				ALWAYS_EMBED_SWIFT_STANDARD_LIBRARIES = YES;
				CODE_SIGN_STYLE = Automatic;
				INFOPLIST_FILE = MyAppDemoUITests/Info.plist;
				LD_RUNPATH_SEARCH_PATHS = (
					"$(inherited)",
					"@executable_path/Frameworks",
					"@loader_path/Frameworks",
				);
				PRODUCT_BUNDLE_IDENTIFIER = talos.MyAppDemoUITests;
				PRODUCT_NAME = "$(TARGET_NAME)";
				SWIFT_VERSION = 5.0;
				TARGETED_DEVICE_FAMILY = "1,2";
				TEST_TARGET_NAME = MyAppDemo;
			};
			name = Release;
		};
/* End XCBuildConfiguration section */

/* Begin XCConfigurationList section */
		29B3DC6A26F31EB800243D88 /* Build configuration list for PBXProject "MyAppDemo" */ = {
			isa = XCConfigurationList;
			buildConfigurations = (
				29B3DC9726F31EBD00243D88 /* Debug */,
				29B3DC9826F31EBD00243D88 /* Release */,
			);
			defaultConfigurationIsVisible = 0;
			defaultConfigurationName = Release;
		};
		29B3DC9926F31EBD00243D88 /* Build configuration list for PBXNativeTarget "MyAppDemo" */ = {
			isa = XCConfigurationList;
			buildConfigurations = (
				29B3DC9A26F31EBD00243D88 /* Debug */,
				29B3DC9B26F31EBD00243D88 /* Release */,
			);
			defaultConfigurationIsVisible = 0;
			defaultConfigurationName = Release;
		};
		29B3DC9C26F31EBD00243D88 /* Build configuration list for PBXNativeTarget "MyAppDemoTests" */ = {
			isa = XCConfigurationList;
			buildConfigurations = (
				29B3DC9D26F31EBD00243D88 /* Debug */,
				29B3DC9E26F31EBD00243D88 /* Release */,
			);
			defaultConfigurationIsVisible = 0;
			defaultConfigurationName = Release;
		};
		29B3DC9F26F31EBD00243D88 /* Build configuration list for PBXNativeTarget "MyAppDemoUITests" */ = {
			isa = XCConfigurationList;
			buildConfigurations = (
				29B3DCA026F31EBD00243D88 /* Debug */,
				29B3DCA126F31EBD00243D88 /* Release */,
			);
			defaultConfigurationIsVisible = 0;
			defaultConfigurationName = Release;
		};
/* End XCConfigurationList section */
	};
	rootObject = 29B3DC6726F31EB800243D88 /* Project object */;
}
